// !$*UTF8*$!
{
	archiveVersion = 1;
	classes = {
	};
	objectVersion = 56;
	objects = {

/* Begin PBXBuildFile section */
		B2FD02A829A2B29200C79F41 /* AppDelegate.swift in Sources */ = {isa = PBXBuildFile; fileRef = B2FD02A729A2B29200C79F41 /* AppDelegate.swift */; };
		B2FD02AA29A2B29200C79F41 /* SceneDelegate.swift in Sources */ = {isa = PBXBuildFile; fileRef = B2FD02A929A2B29200C79F41 /* SceneDelegate.swift */; };
		B2FD02AC29A2B29200C79F41 /* ViewController.swift in Sources */ = {isa = PBXBuildFile; fileRef = B2FD02AB29A2B29200C79F41 /* ViewController.swift */; };
		B2FD02AF29A2B29200C79F41 /* Main.storyboard in Resources */ = {isa = PBXBuildFile; fileRef = B2FD02AD29A2B29200C79F41 /* Main.storyboard */; };
		B2FD02B229A2B29200C79F41 /* Zadanie_2_.xcdatamodeld in Sources */ = {isa = PBXBuildFile; fileRef = B2FD02B029A2B29200C79F41 /* Zadanie_2_.xcdatamodeld */; };
		B2FD02B429A2B29300C79F41 /* Assets.xcassets in Resources */ = {isa = PBXBuildFile; fileRef = B2FD02B329A2B29300C79F41 /* Assets.xcassets */; };
		B2FD02B729A2B29300C79F41 /* LaunchScreen.storyboard in Resources */ = {isa = PBXBuildFile; fileRef = B2FD02B529A2B29300C79F41 /* LaunchScreen.storyboard */; };
		B2FD02BF29A2B44D00C79F41 /* WorkerThread.swift in Sources */ = {isa = PBXBuildFile; fileRef = B2FD02BE29A2B44D00C79F41 /* WorkerThread.swift */; };
/* End PBXBuildFile section */

/* Begin PBXFileReference section */
		B2FD02A429A2B29200C79F41 /* Zadanie 2..app */ = {isa = PBXFileReference; explicitFileType = wrapper.application; includeInIndex = 0; path = "Zadanie 2..app"; sourceTree = BUILT_PRODUCTS_DIR; };
		B2FD02A729A2B29200C79F41 /* AppDelegate.swift */ = {isa = PBXFileReference; lastKnownFileType = sourcecode.swift; path = AppDelegate.swift; sourceTree = "<group>"; };
		B2FD02A929A2B29200C79F41 /* SceneDelegate.swift */ = {isa = PBXFileReference; lastKnownFileType = sourcecode.swift; path = SceneDelegate.swift; sourceTree = "<group>"; };
		B2FD02AB29A2B29200C79F41 /* ViewController.swift */ = {isa = PBXFileReference; lastKnownFileType = sourcecode.swift; path = ViewController.swift; sourceTree = "<group>"; };
		B2FD02AE29A2B29200C79F41 /* Base */ = {isa = PBXFileReference; lastKnownFileType = file.storyboard; name = Base; path = Base.lproj/Main.storyboard; sourceTree = "<group>"; };
		B2FD02B129A2B29200C79F41 /* Zadanie_2_.xcdatamodel */ = {isa = PBXFileReference; lastKnownFileType = wrapper.xcdatamodel; path = Zadanie_2_.xcdatamodel; sourceTree = "<group>"; };
		B2FD02B329A2B29300C79F41 /* Assets.xcassets */ = {isa = PBXFileReference; lastKnownFileType = folder.assetcatalog; path = Assets.xcassets; sourceTree = "<group>"; };
		B2FD02B629A2B29300C79F41 /* Base */ = {isa = PBXFileReference; lastKnownFileType = file.storyboard; name = Base; path = Base.lproj/LaunchScreen.storyboard; sourceTree = "<group>"; };
		B2FD02B829A2B29300C79F41 /* Info.plist */ = {isa = PBXFileReference; lastKnownFileType = text.plist.xml; path = Info.plist; sourceTree = "<group>"; };
		B2FD02BE29A2B44D00C79F41 /* WorkerThread.swift */ = {isa = PBXFileReference; lastKnownFileType = sourcecode.swift; path = WorkerThread.swift; sourceTree = "<group>"; };
/* End PBXFileReference section */

/* Begin PBXFrameworksBuildPhase section */
		B2FD02A129A2B29200C79F41 /* Frameworks */ = {
			isa = PBXFrameworksBuildPhase;
			buildActionMask = 2147483647;
			files = (
			);
			runOnlyForDeploymentPostprocessing = 0;
		};
/* End PBXFrameworksBuildPhase section */

/* Begin PBXGroup section */
		B2FD029B29A2B29100C79F41 = {
			isa = PBXGroup;
			children = (
				B2FD02A629A2B29200C79F41 /* Zadanie 2. */,
				B2FD02A529A2B29200C79F41 /* Products */,
			);
			sourceTree = "<group>";
		};
		B2FD02A529A2B29200C79F41 /* Products */ = {
			isa = PBXGroup;
			children = (
				B2FD02A429A2B29200C79F41 /* Zadanie 2..app */,
			);
			name = Products;
			sourceTree = "<group>";
		};
		B2FD02A629A2B29200C79F41 /* Zadanie 2. */ = {
			isa = PBXGroup;
			children = (
				B2FD02A729A2B29200C79F41 /* AppDelegate.swift */,
				B2FD02A929A2B29200C79F41 /* SceneDelegate.swift */,
				B2FD02AB29A2B29200C79F41 /* ViewController.swift */,
				B2FD02BE29A2B44D00C79F41 /* WorkerThread.swift */,
				B2FD02AD29A2B29200C79F41 /* Main.storyboard */,
				B2FD02B329A2B29300C79F41 /* Assets.xcassets */,
				B2FD02B529A2B29300C79F41 /* LaunchScreen.storyboard */,
				B2FD02B829A2B29300C79F41 /* Info.plist */,
				B2FD02B029A2B29200C79F41 /* Zadanie_2_.xcdatamodeld */,
			);
			path = "Zadanie 2.";
			sourceTree = "<group>";
		};
/* End PBXGroup section */

/* Begin PBXNativeTarget section */
		B2FD02A329A2B29200C79F41 /* Zadanie 2. */ = {
			isa = PBXNativeTarget;
			buildConfigurationList = B2FD02BB29A2B29300C79F41 /* Build configuration list for PBXNativeTarget "Zadanie 2." */;
			buildPhases = (
				B2FD02A029A2B29200C79F41 /* Sources */,
				B2FD02A129A2B29200C79F41 /* Frameworks */,
				B2FD02A229A2B29200C79F41 /* Resources */,
			);
			buildRules = (
			);
			dependencies = (
			);
			name = "Zadanie 2.";
			productName = "Zadanie 2.";
			productReference = B2FD02A429A2B29200C79F41 /* Zadanie 2..app */;
			productType = "com.apple.product-type.application";
		};
/* End PBXNativeTarget section */

/* Begin PBXProject section */
		B2FD029C29A2B29100C79F41 /* Project object */ = {
			isa = PBXProject;
			attributes = {
				BuildIndependentTargetsInParallel = 1;
				LastSwiftUpdateCheck = 1400;
				LastUpgradeCheck = 1400;
				TargetAttributes = {
					B2FD02A329A2B29200C79F41 = {
						CreatedOnToolsVersion = 14.0;
					};
				};
			};
			buildConfigurationList = B2FD029F29A2B29100C79F41 /* Build configuration list for PBXProject "Zadanie 2." */;
			compatibilityVersion = "Xcode 14.0";
			developmentRegion = en;
			hasScannedForEncodings = 0;
			knownRegions = (
				en,
				Base,
			);
			mainGroup = B2FD029B29A2B29100C79F41;
			productRefGroup = B2FD02A529A2B29200C79F41 /* Products */;
			projectDirPath = "";
			projectRoot = "";
			targets = (
				B2FD02A329A2B29200C79F41 /* Zadanie 2. */,
			);
		};
/* End PBXProject section */

/* Begin PBXResourcesBuildPhase section */
		B2FD02A229A2B29200C79F41 /* Resources */ = {
			isa = PBXResourcesBuildPhase;
			buildActionMask = 2147483647;
			files = (
				B2FD02B729A2B29300C79F41 /* LaunchScreen.storyboard in Resources */,
				B2FD02B429A2B29300C79F41 /* Assets.xcassets in Resources */,
				B2FD02AF29A2B29200C79F41 /* Main.storyboard in Resources */,
			);
			runOnlyForDeploymentPostprocessing = 0;
		};
/* End PBXResourcesBuildPhase section */

/* Begin PBXSourcesBuildPhase section */
		B2FD02A029A2B29200C79F41 /* Sources */ = {
			isa = PBXSourcesBuildPhase;
			buildActionMask = 2147483647;
			files = (
				B2FD02AC29A2B29200C79F41 /* ViewController.swift in Sources */,
				B2FD02A829A2B29200C79F41 /* AppDelegate.swift in Sources */,
				B2FD02AA29A2B29200C79F41 /* SceneDelegate.swift in Sources */,
				B2FD02BF29A2B44D00C79F41 /* WorkerThread.swift in Sources */,
				B2FD02B229A2B29200C79F41 /* Zadanie_2_.xcdatamodeld in Sources */,
			);
			runOnlyForDeploymentPostprocessing = 0;
		};
/* End PBXSourcesBuildPhase section */

/* Begin PBXVariantGroup section */
		B2FD02AD29A2B29200C79F41 /* Main.storyboard */ = {
			isa = PBXVariantGroup;
			children = (
				B2FD02AE29A2B29200C79F41 /* Base */,
			);
			name = Main.storyboard;
			sourceTree = "<group>";
		};
		B2FD02B529A2B29300C79F41 /* LaunchScreen.storyboard */ = {
			isa = PBXVariantGroup;
			children = (
				B2FD02B629A2B29300C79F41 /* Base */,
			);
			name = LaunchScreen.storyboard;
			sourceTree = "<group>";
		};
/* End PBXVariantGroup section */

/* Begin XCBuildConfiguration section */
		B2FD02B929A2B29300C79F41 /* Debug */ = {
			isa = XCBuildConfiguration;
			buildSettings = {
				ALWAYS_SEARCH_USER_PATHS = NO;
				CLANG_ANALYZER_NONNULL = YES;
				CLANG_ANALYZER_NUMBER_OBJECT_CONVERSION = YES_AGGRESSIVE;
				CLANG_CXX_LANGUAGE_STANDARD = "gnu++20";
				CLANG_ENABLE_MODULES = YES;
				CLANG_ENABLE_OBJC_ARC = YES;
				CLANG_ENABLE_OBJC_WEAK = YES;
				CLANG_WARN_BLOCK_CAPTURE_AUTORELEASING = YES;
				CLANG_WARN_BOOL_CONVERSION = YES;
				CLANG_WARN_COMMA = YES;
				CLANG_WARN_CONSTANT_CONVERSION = YES;
				CLANG_WARN_DEPRECATED_OBJC_IMPLEMENTATIONS = YES;
				CLANG_WARN_DIRECT_OBJC_ISA_USAGE = YES_ERROR;
				CLANG_WARN_DOCUMENTATION_COMMENTS = YES;
				CLANG_WARN_EMPTY_BODY = YES;
				CLANG_WARN_ENUM_CONVERSION = YES;
				CLANG_WARN_INFINITE_RECURSION = YES;
				CLANG_WARN_INT_CONVERSION = YES;
				CLANG_WARN_NON_LITERAL_NULL_CONVERSION = YES;
				CLANG_WARN_OBJC_IMPLICIT_RETAIN_SELF = YES;
				CLANG_WARN_OBJC_LITERAL_CONVERSION = YES;
				CLANG_WARN_OBJC_ROOT_CLASS = YES_ERROR;
				CLANG_WARN_QUOTED_INCLUDE_IN_FRAMEWORK_HEADER = YES;
				CLANG_WARN_RANGE_LOOP_ANALYSIS = YES;
				CLANG_WARN_STRICT_PROTOTYPES = YES;
				CLANG_WARN_SUSPICIOUS_MOVE = YES;
				CLANG_WARN_UNGUARDED_AVAILABILITY = YES_AGGRESSIVE;
				CLANG_WARN_UNREACHABLE_CODE = YES;
				CLANG_WARN__DUPLICATE_METHOD_MATCH = YES;
				COPY_PHASE_STRIP = NO;
				DEBUG_INFORMATION_FORMAT = dwarf;
				ENABLE_STRICT_OBJC_MSGSEND = YES;
				ENABLE_TESTABILITY = YES;
				GCC_C_LANGUAGE_STANDARD = gnu11;
				GCC_DYNAMIC_NO_PIC = NO;
				GCC_NO_COMMON_BLOCKS = YES;
				GCC_OPTIMIZATION_LEVEL = 0;
				GCC_PREPROCESSOR_DEFINITIONS = (
					"DEBUG=1",
					"$(inherited)",
				);
				GCC_WARN_64_TO_32_BIT_CONVERSION = YES;
				GCC_WARN_ABOUT_RETURN_TYPE = YES_ERROR;
				GCC_WARN_UNDECLARED_SELECTOR = YES;
				GCC_WARN_UNINITIALIZED_AUTOS = YES_AGGRESSIVE;
				GCC_WARN_UNUSED_FUNCTION = YES;
				GCC_WARN_UNUSED_VARIABLE = YES;
				IPHONEOS_DEPLOYMENT_TARGET = 16.0;
				MTL_ENABLE_DEBUG_INFO = INCLUDE_SOURCE;
				MTL_FAST_MATH = YES;
				ONLY_ACTIVE_ARCH = YES;
				SDKROOT = iphoneos;
				SWIFT_ACTIVE_COMPILATION_CONDITIONS = DEBUG;
				SWIFT_OPTIMIZATION_LEVEL = "-Onone";
			};
			name = Debug;
		};
		B2FD02BA29A2B29300C79F41 /* Release */ = {
			isa = XCBuildConfiguration;
			buildSettings = {
				ALWAYS_SEARCH_USER_PATHS = NO;
				CLANG_ANALYZER_NONNULL = YES;
				CLANG_ANALYZER_NUMBER_OBJECT_CONVERSION = YES_AGGRESSIVE;
				CLANG_CXX_LANGUAGE_STANDARD = "gnu++20";
				CLANG_ENABLE_MODULES = YES;
				CLANG_ENABLE_OBJC_ARC = YES;
				CLANG_ENABLE_OBJC_WEAK = YES;
				CLANG_WARN_BLOCK_CAPTURE_AUTORELEASING = YES;
				CLANG_WARN_BOOL_CONVERSION = YES;
				CLANG_WARN_COMMA = YES;
				CLANG_WARN_CONSTANT_CONVERSION = YES;
				CLANG_WARN_DEPRECATED_OBJC_IMPLEMENTATIONS = YES;
				CLANG_WARN_DIRECT_OBJC_ISA_USAGE = YES_ERROR;
				CLANG_WARN_DOCUMENTATION_COMMENTS = YES;
				CLANG_WARN_EMPTY_BODY = YES;
				CLANG_WARN_ENUM_CONVERSION = YES;
				CLANG_WARN_INFINITE_RECURSION = YES;
				CLANG_WARN_INT_CONVERSION = YES;
				CLANG_WARN_NON_LITERAL_NULL_CONVERSION = YES;
				CLANG_WARN_OBJC_IMPLICIT_RETAIN_SELF = YES;
				CLANG_WARN_OBJC_LITERAL_CONVERSION = YES;
				CLANG_WARN_OBJC_ROOT_CLASS = YES_ERROR;
				CLANG_WARN_QUOTED_INCLUDE_IN_FRAMEWORK_HEADER = YES;
				CLANG_WARN_RANGE_LOOP_ANALYSIS = YES;
				CLANG_WARN_STRICT_PROTOTYPES = YES;
				CLANG_WARN_SUSPICIOUS_MOVE = YES;
				CLANG_WARN_UNGUARDED_AVAILABILITY = YES_AGGRESSIVE;
				CLANG_WARN_UNREACHABLE_CODE = YES;
				CLANG_WARN__DUPLICATE_METHOD_MATCH = YES;
				COPY_PHASE_STRIP = NO;
				DEBUG_INFORMATION_FORMAT = "dwarf-with-dsym";
				ENABLE_NS_ASSERTIONS = NO;
				ENABLE_STRICT_OBJC_MSGSEND = YES;
				GCC_C_LANGUAGE_STANDARD = gnu11;
				GCC_NO_COMMON_BLOCKS = YES;
				GCC_WARN_64_TO_32_BIT_CONVERSION = YES;
				GCC_WARN_ABOUT_RETURN_TYPE = YES_ERROR;
				GCC_WARN_UNDECLARED_SELECTOR = YES;
				GCC_WARN_UNINITIALIZED_AUTOS = YES_AGGRESSIVE;
				GCC_WARN_UNUSED_FUNCTION = YES;
				GCC_WARN_UNUSED_VARIABLE = YES;
				IPHONEOS_DEPLOYMENT_TARGET = 16.0;
				MTL_ENABLE_DEBUG_INFO = NO;
				MTL_FAST_MATH = YES;
				SDKROOT = iphoneos;
				SWIFT_COMPILATION_MODE = wholemodule;
				SWIFT_OPTIMIZATION_LEVEL = "-O";
				VALIDATE_PRODUCT = YES;
			};
			name = Release;
		};
		B2FD02BC29A2B29300C79F41 /* Debug */ = {
			isa = XCBuildConfiguration;
			buildSettings = {
				ASSETCATALOG_COMPILER_APPICON_NAME = AppIcon;
				ASSETCATALOG_COMPILER_GLOBAL_ACCENT_COLOR_NAME = AccentColor;
				CODE_SIGN_STYLE = Automatic;
				CURRENT_PROJECT_VERSION = 1;
				DEVELOPMENT_TEAM = RVUFYQ6N85;
				GENERATE_INFOPLIST_FILE = YES;
				INFOPLIST_FILE = "Zadanie 2./Info.plist";
				INFOPLIST_KEY_UIApplicationSupportsIndirectInputEvents = YES;
				INFOPLIST_KEY_UILaunchStoryboardName = LaunchScreen;
				INFOPLIST_KEY_UIMainStoryboardFile = Main;
				INFOPLIST_KEY_UISupportedInterfaceOrientations_iPad = "UIInterfaceOrientationPortrait UIInterfaceOrientationPortraitUpsideDown UIInterfaceOrientationLandscapeLeft UIInterfaceOrientationLandscapeRight";
				INFOPLIST_KEY_UISupportedInterfaceOrientations_iPhone = "UIInterfaceOrientationPortrait UIInterfaceOrientationLandscapeLeft UIInterfaceOrientationLandscapeRight";
				LD_RUNPATH_SEARCH_PATHS = (
					"$(inherited)",
					"@executable_path/Frameworks",
				);
				MARKETING_VERSION = 1.0;
				PRODUCT_BUNDLE_IDENTIFIER = "KOVIGROUP.Zadanie-2-";
				PRODUCT_NAME = "$(TARGET_NAME)";
				SWIFT_EMIT_LOC_STRINGS = YES;
				SWIFT_VERSION = 5.0;
				TARGETED_DEVICE_FAMILY = "1,2";
			};
			name = Debug;
		};
		B2FD02BD29A2B29300C79F41 /* Release */ = {
			isa = XCBuildConfiguration;
			buildSettings = {
				ASSETCATALOG_COMPILER_APPICON_NAME = AppIcon;
				ASSETCATALOG_COMPILER_GLOBAL_ACCENT_COLOR_NAME = AccentColor;
				CODE_SIGN_STYLE = Automatic;
				CURRENT_PROJECT_VERSION = 1;
				DEVELOPMENT_TEAM = RVUFYQ6N85;
				GENERATE_INFOPLIST_FILE = YES;
				INFOPLIST_FILE = "Zadanie 2./Info.plist";
				INFOPLIST_KEY_UIApplicationSupportsIndirectInputEvents = YES;
				INFOPLIST_KEY_UILaunchStoryboardName = LaunchScreen;
				INFOPLIST_KEY_UIMainStoryboardFile = Main;
				INFOPLIST_KEY_UISupportedInterfaceOrientations_iPad = "UIInterfaceOrientationPortrait UIInterfaceOrientationPortraitUpsideDown UIInterfaceOrientationLandscapeLeft UIInterfaceOrientationLandscapeRight";
				INFOPLIST_KEY_UISupportedInterfaceOrientations_iPhone = "UIInterfaceOrientationPortrait UIInterfaceOrientationLandscapeLeft UIInterfaceOrientationLandscapeRight";
				LD_RUNPATH_SEARCH_PATHS = (
					"$(inherited)",
					"@executable_path/Frameworks",
				);
				MARKETING_VERSION = 1.0;
				PRODUCT_BUNDLE_IDENTIFIER = "KOVIGROUP.Zadanie-2-";
				PRODUCT_NAME = "$(TARGET_NAME)";
				SWIFT_EMIT_LOC_STRINGS = YES;
				SWIFT_VERSION = 5.0;
				TARGETED_DEVICE_FAMILY = "1,2";
			};
			name = Release;
		};
/* End XCBuildConfiguration section */

/* Begin XCConfigurationList section */
		B2FD029F29A2B29100C79F41 /* Build configuration list for PBXProject "Zadanie 2." */ = {
			isa = XCConfigurationList;
			buildConfigurations = (
				B2FD02B929A2B29300C79F41 /* Debug */,
				B2FD02BA29A2B29300C79F41 /* Release */,
			);
			defaultConfigurationIsVisible = 0;
			defaultConfigurationName = Release;
		};
		B2FD02BB29A2B29300C79F41 /* Build configuration list for PBXNativeTarget "Zadanie 2." */ = {
			isa = XCConfigurationList;
			buildConfigurations = (
				B2FD02BC29A2B29300C79F41 /* Debug */,
				B2FD02BD29A2B29300C79F41 /* Release */,
			);
			defaultConfigurationIsVisible = 0;
			defaultConfigurationName = Release;
		};
/* End XCConfigurationList section */

/* Begin XCVersionGroup section */
		B2FD02B029A2B29200C79F41 /* Zadanie_2_.xcdatamodeld */ = {
			isa = XCVersionGroup;
			children = (
				B2FD02B129A2B29200C79F41 /* Zadanie_2_.xcdatamodel */,
			);
			currentVersion = B2FD02B129A2B29200C79F41 /* Zadanie_2_.xcdatamodel */;
			path = Zadanie_2_.xcdatamodeld;
			sourceTree = "<group>";
			versionGroupType = wrapper.xcdatamodel;
		};
/* End XCVersionGroup section */
	};
	rootObject = B2FD029C29A2B29100C79F41 /* Project object */;
}
